{
 "name": "misc",
 "lockfileVersion": 2,
 "requires": true,
 "packages": {
  "": {
   "dependencies": {
    "tail": "2.1.0"
   }
  },
  "node_modules/tail": {
   "version": "2.1.0",
   "resolved": "https://registry.npmjs.org/tail/-/tail-2.1.0.tgz",
   "integrity": "sha512-2Evooz7G1rpOfjVauh0S+9YEfa4VUUaZpQc5BDgYlhEcSBTmWB58wAaup6gd221mZ2c2BDvjLRpP5xvzcXP3qQ==",
   "engines": {
    "node": ">= 6.0.0"
   }
  }
 },
 "dependencies": {
  "tail": {
   "version": "2.1.0",
   "resolved": "https://registry.npmjs.org/tail/-/tail-2.1.0.tgz",
   "integrity": "sha512-2Evooz7G1rpOfjVauh0S+9YEfa4VUUaZpQc5BDgYlhEcSBTmWB58wAaup6gd221mZ2c2BDvjLRpP5xvzcXP3qQ=="
  }
 }
}
