{
 "name": "misc",
 "lockfileVersion": 2,
 "requires": true,
 "packages": {
  "": {
   "dependencies": {
    "tail": "2.1.1"
   }
  },
  "node_modules/tail": {
   "version": "2.1.1",
   "resolved": "https://registry.npmjs.org/tail/-/tail-2.1.1.tgz",
   "integrity": "sha512-TBGFzKYD5Af/ts7DBypAQNmPQlt5Uq0bqcf4eRwnfvQcLnSTqruA8h3ps7CKIEPcwX7z9YnP3B6bBHLWYN7+ag==",
   "engines": {
    "node": ">= 6.0.0"
   }
  }
 },
 "dependencies": {
  "tail": {
   "version": "2.1.1",
   "resolved": "https://registry.npmjs.org/tail/-/tail-2.1.1.tgz",
   "integrity": "sha512-TBGFzKYD5Af/ts7DBypAQNmPQlt5Uq0bqcf4eRwnfvQcLnSTqruA8h3ps7CKIEPcwX7z9YnP3B6bBHLWYN7+ag=="
  }
 }
}
